
Microsoft Visual Studio Solution File, Format Version 12.00
# Visual Studio Version 17
VisualStudioVersion = 17.7.34009.444
MinimumVisualStudioVersion = 10.0.40219.1
Project("{FAE04EC0-301F-11D3-BF4B-00C04F79EFBC}") = "Encapsulation(8.1)", "Encapsulation(8.1)\Encapsulation(8.1).csproj", "{D8EFF71C-C9D9-4BDD-81F6-1D507985A643}"
EndProject
Global
	GlobalSection(SolutionConfigurationPlatforms) = preSolution
		Debug|Any CPU = Debug|Any CPU
		Release|Any CPU = Release|Any CPU
	EndGlobalSection
	GlobalSection(ProjectConfigurationPlatforms) = postSolution
		{D8EFF71C-C9D9-4BDD-81F6-1D507985A643}.Debug|Any CPU.ActiveCfg = Debug|Any CPU
		{D8EFF71C-C9D9-4BDD-81F6-1D507985A643}.Debug|Any CPU.Build.0 = Debug|Any CPU
		{D8EFF71C-C9D9-4BDD-81F6-1D507985A643}.Release|Any CPU.ActiveCfg = Release|Any CPU
		{D8EFF71C-C9D9-4BDD-81F6-1D507985A643}.Release|Any CPU.Build.0 = Release|Any CPU
	EndGlobalSection
	GlobalSection(SolutionProperties) = preSolution
		HideSolutionNode = FALSE
	EndGlobalSection
	GlobalSection(ExtensibilityGlobals) = postSolution
		SolutionGuid = {DE485F4D-B4EF-42F1-BC4D-62B8956BD9DF}
	EndGlobalSection
EndGlobal
