
Microsoft Visual Studio Solution File, Format Version 12.00
# Visual Studio Version 17
VisualStudioVersion = 17.7.34009.444
MinimumVisualStudioVersion = 10.0.40219.1
Project("{FAE04EC0-301F-11D3-BF4B-00C04F79EFBC}") = "Encapsulation(8)", "Encapsulation(8)\Encapsulation(8).csproj", "{132D4D83-8C65-4760-8973-9A579C3802A7}"
EndProject
Global
	GlobalSection(SolutionConfigurationPlatforms) = preSolution
		Debug|Any CPU = Debug|Any CPU
		Release|Any CPU = Release|Any CPU
	EndGlobalSection
	GlobalSection(ProjectConfigurationPlatforms) = postSolution
		{132D4D83-8C65-4760-8973-9A579C3802A7}.Debug|Any CPU.ActiveCfg = Debug|Any CPU
		{132D4D83-8C65-4760-8973-9A579C3802A7}.Debug|Any CPU.Build.0 = Debug|Any CPU
		{132D4D83-8C65-4760-8973-9A579C3802A7}.Release|Any CPU.ActiveCfg = Release|Any CPU
		{132D4D83-8C65-4760-8973-9A579C3802A7}.Release|Any CPU.Build.0 = Release|Any CPU
	EndGlobalSection
	GlobalSection(SolutionProperties) = preSolution
		HideSolutionNode = FALSE
	EndGlobalSection
	GlobalSection(ExtensibilityGlobals) = postSolution
		SolutionGuid = {29F18ABB-76E1-44E0-AFAE-D795A6627340}
	EndGlobalSection
EndGlobal
